// !$*UTF8*$!
{
	"archiveVersion" = "1";
	"classes" = {
	};
	"objectVersion" = "56";
	"objects" = {
		"B747EAD6A8D7189EE159E1E4" = {
			"isa" = "XCLocalSwiftPackageReference";
			"relativePath" = "Core";
		};
		"DA1C1DD2947E016C0BBC7853" = {
			"isa" = "PBXFileReference";
			"lastKnownFileType" = "sourcecode.swift";
			"path" = "E36WidgetFace.swift";
			"sourceTree" = "<group>";
		};
		"3F162A4826E680FB5C5BFEA5" = {
			"isa" = "PBXFileReference";
			"lastKnownFileType" = "sourcecode.swift";
			"path" = "RefreshE36WidgetIntent.swift";
			"sourceTree" = "<group>";
		};
		"CEB15B07029CB7A5299F72F2" = {
			"isa" = "PBXFileReference";
			"lastKnownFileType" = "sourcecode.swift";
			"path" = "AlertPresenter.swift";
			"sourceTree" = "<group>";
		};
		"C240964BF9902D3CE4E81B4A" = {
			"isa" = "PBXBuildFile";
			"fileRef" = "CEB15B07029CB7A5299F72F2";
		};
		"643ECCBD65A2B8C00CA2D9AA" = {
			"isa" = "PBXFileReference";
			"lastKnownFileType" = "sourcecode.swift";
			"path" = "AppModel.swift";
			"sourceTree" = "<group>";
		};
		"14B73FC62CA66DD9391A5CFD" = {
			"isa" = "PBXBuildFile";
			"fileRef" = "643ECCBD65A2B8C00CA2D9AA";
		};
		"868BB0C4BBD9BA26E3A66705" = {
			"isa" = "PBXFileReference";
			"lastKnownFileType" = "sourcecode.swift";
			"path" = "DemoTransport.swift";
			"sourceTree" = "<group>";
		};
		"BE0C58D275BDC66A2968D5FF" = {
			"isa" = "PBXBuildFile";
			"fileRef" = "868BB0C4BBD9BA26E3A66705";
		};
		"BF03BED5C9677D9FE158B87A" = {
			"isa" = "PBXFileReference";
			"lastKnownFileType" = "sourcecode.swift";
			"path" = "E36OBDApp.swift";
			"sourceTree" = "<group>";
		};
		"6080199A839DB666611FB91A" = {
			"isa" = "PBXBuildFile";
			"fileRef" = "BF03BED5C9677D9FE158B87A";
		};
		"ACB31738C2FCC6761FA823BD" = {
			"isa" = "PBXFileReference";
			"lastKnownFileType" = "sourcecode.swift";
			"path" = "InspectorPanel.swift";
			"sourceTree" = "<group>";
		};
		"2AE12DA2A071E8CDF9E52335" = {
			"isa" = "PBXBuildFile";
			"fileRef" = "ACB31738C2FCC6761FA823BD";
		};
		"7F7FC399D034961259282B43" = {
			"isa" = "PBXFileReference";
			"lastKnownFileType" = "sourcecode.swift";
			"path" = "InstrumentDial.swift";
			"sourceTree" = "<group>";
		};
		"92997F5AA4665FBC12B369F3" = {
			"isa" = "PBXBuildFile";
			"fileRef" = "7F7FC399D034961259282B43";
		};
		"DA3B43A39B8C1FC241C2F794" = {
			"isa" = "PBXFileReference";
			"lastKnownFileType" = "sourcecode.swift";
			"path" = "Instruments.swift";
			"sourceTree" = "<group>";
		};
		"09D1193067984D70061B1E24" = {
			"isa" = "PBXBuildFile";
			"fileRef" = "DA3B43A39B8C1FC241C2F794";
		};
		"8E080E53A35B7D2E8E616779" = {
			"isa" = "PBXFileReference";
			"lastKnownFileType" = "sourcecode.swift";
			"path" = "RootView.swift";
			"sourceTree" = "<group>";
		};
		"8C55C2394838EA07945B44B7" = {
			"isa" = "PBXBuildFile";
			"fileRef" = "8E080E53A35B7D2E8E616779";
		};
		"CE5A615CE7C06CE1D95FE78D" = {
			"isa" = "PBXFileReference";
			"lastKnownFileType" = "sourcecode.swift";
			"path" = "SegmentDisplay.swift";
			"sourceTree" = "<group>";
		};
		"8429BAF990C065CC74868FCE" = {
			"isa" = "PBXBuildFile";
			"fileRef" = "CE5A615CE7C06CE1D95FE78D";
		};
		"D77023D1311DFD72707A44F2" = {
			"isa" = "PBXFileReference";
			"lastKnownFileType" = "sourcecode.swift";
			"path" = "SessionsView.swift";
			"sourceTree" = "<group>";
		};
		"0AE51DE36D0528E5B91295DA" = {
			"isa" = "PBXBuildFile";
			"fileRef" = "D77023D1311DFD72707A44F2";
		};
		"7CE372956914E89B983EBD0A" = {
			"isa" = "PBXFileReference";
			"lastKnownFileType" = "sourcecode.swift";
			"path" = "SettingsView.swift";
			"sourceTree" = "<group>";
		};
		"0F6A8D8D817FBD65DE152644" = {
			"isa" = "PBXBuildFile";
			"fileRef" = "7CE372956914E89B983EBD0A";
		};
		"4EB199C816A65A95D4BAA30D" = {
			"isa" = "PBXFileReference";
			"lastKnownFileType" = "sourcecode.swift";
			"path" = "Transport.swift";
			"sourceTree" = "<group>";
		};
		"7D5219C644EB8650B931C09B" = {
			"isa" = "PBXBuildFile";
			"fileRef" = "4EB199C816A65A95D4BAA30D";
		};
		"BC3AF2D56463173EBE20DA53" = {
			"isa" = "PBXFileReference";
			"lastKnownFileType" = "sourcecode.swift";
			"path" = "VehicleMetalCanvas.swift";
			"sourceTree" = "<group>";
		};
		"93D460DC137AAF64EA92D302" = {
			"isa" = "PBXBuildFile";
			"fileRef" = "BC3AF2D56463173EBE20DA53";
		};
		"32BD764147F720DF6BF0D341" = {
			"isa" = "PBXFileReference";
			"lastKnownFileType" = "sourcecode.swift";
			"path" = "VehicleOverview.swift";
			"sourceTree" = "<group>";
		};
		"DA6AE96615192104B74B1AB3" = {
			"isa" = "PBXBuildFile";
			"fileRef" = "32BD764147F720DF6BF0D341";
		};
		"E96000FB7597447CABD21AE6" = {
			"isa" = "PBXFileReference";
			"lastKnownFileType" = "sourcecode.metal";
			"path" = "VehiclePaint.metal";
			"sourceTree" = "<group>";
		};
		"0A69836E8432BB87EBEEFA73" = {
			"isa" = "PBXBuildFile";
			"fileRef" = "E96000FB7597447CABD21AE6";
		};
		"CED4FCB7D7C7EF2E646E81B0" = {
			"isa" = "PBXFileReference";
			"lastKnownFileType" = "sourcecode.swift";
			"path" = "VehicleSceneView.swift";
			"sourceTree" = "<group>";
		};
		"4B2B802654F7E24644F55063" = {
			"isa" = "PBXBuildFile";
			"fileRef" = "CED4FCB7D7C7EF2E646E81B0";
		};
		"92D3BB0BDFFD9750823A6B2C" = {
			"isa" = "PBXFileReference";
			"lastKnownFileType" = "sourcecode.swift";
			"path" = "WidgetPublisher.swift";
			"sourceTree" = "<group>";
		};
		"CE3ED49E3E3C24981675988F" = {
			"isa" = "PBXBuildFile";
			"fileRef" = "92D3BB0BDFFD9750823A6B2C";
		};
		"2F33FD2EA4C48F4A99F02E84" = {
			"isa" = "PBXBuildFile";
			"fileRef" = "DA1C1DD2947E016C0BBC7853";
		};
		"C6D78D3146BC616AD71D8597" = {
			"isa" = "PBXBuildFile";
			"fileRef" = "3F162A4826E680FB5C5BFEA5";
		};
		"D0D98C0CBA9F473A821118D1" = {
			"isa" = "PBXFileReference";
			"lastKnownFileType" = "text.plist.entitlements";
			"path" = "E36OBD.entitlements";
			"sourceTree" = "<group>";
		};
		"28AAD1477D5182D66D4B03B3" = {
			"isa" = "PBXFileReference";
			"lastKnownFileType" = "folder.assetcatalog";
			"path" = "Assets.xcassets";
			"sourceTree" = "<group>";
		};
		"126120711FB37DF289D1F4F6" = {
			"isa" = "PBXBuildFile";
			"fileRef" = "28AAD1477D5182D66D4B03B3";
		};
		"583B3F9843D81654F95356AB" = {
			"isa" = "PBXFileReference";
			"lastKnownFileType" = "folder";
			"path" = "VehicleScene";
			"sourceTree" = "<group>";
		};
		"44FA1E696223DAB55329F330" = {
			"isa" = "PBXBuildFile";
			"fileRef" = "583B3F9843D81654F95356AB";
		};
		"7A4DAA0198A24A61030F3B8B" = {
			"isa" = "PBXFileReference";
			"lastKnownFileType" = "audio.wav";
			"path" = "alert.wav";
			"sourceTree" = "<group>";
		};
		"38D3E06A2C2199E65C1E1539" = {
			"isa" = "PBXBuildFile";
			"fileRef" = "7A4DAA0198A24A61030F3B8B";
		};
		"7B594B6DB375E1BF3F23CDD6" = {
			"isa" = "PBXFileReference";
			"lastKnownFileType" = "text.plist.xml";
			"path" = "Info.plist";
			"sourceTree" = "<group>";
		};
		"3D9893F8109EE7357ACB234F" = {
			"isa" = "XCSwiftPackageProductDependency";
			"package" = "B747EAD6A8D7189EE159E1E4";
			"productName" = "E36Core";
		};
		"DCAC48C89F5DA4B174EFA2E7" = {
			"isa" = "PBXBuildFile";
			"productRef" = "3D9893F8109EE7357ACB234F";
		};
		"CEEC93DB33F4A6C2BAE6F412" = {
			"isa" = "PBXGroup";
			"children" = (
				"CEB15B07029CB7A5299F72F2",
				"643ECCBD65A2B8C00CA2D9AA",
				"868BB0C4BBD9BA26E3A66705",
				"BF03BED5C9677D9FE158B87A",
				"ACB31738C2FCC6761FA823BD",
				"7F7FC399D034961259282B43",
				"DA3B43A39B8C1FC241C2F794",
				"8E080E53A35B7D2E8E616779",
				"CE5A615CE7C06CE1D95FE78D",
				"D77023D1311DFD72707A44F2",
				"7CE372956914E89B983EBD0A",
				"4EB199C816A65A95D4BAA30D",
				"BC3AF2D56463173EBE20DA53",
				"32BD764147F720DF6BF0D341",
				"E96000FB7597447CABD21AE6",
				"CED4FCB7D7C7EF2E646E81B0",
				"92D3BB0BDFFD9750823A6B2C",
				"D0D98C0CBA9F473A821118D1",
				"28AAD1477D5182D66D4B03B3",
				"583B3F9843D81654F95356AB",
				"7A4DAA0198A24A61030F3B8B",
				"7B594B6DB375E1BF3F23CDD6",
			);
			"path" = "E36OBD";
			"sourceTree" = "<group>";
		};
		"1B2F9EB89FB84E8839DE76DC" = {
			"isa" = "PBXFileReference";
			"explicitFileType" = "wrapper.application";
			"includeInIndex" = "0";
			"path" = "E36OBD.app";
			"sourceTree" = "BUILT_PRODUCTS_DIR";
		};
		"D2F5D04A2196BD52F2AAF158" = {
			"isa" = "PBXSourcesBuildPhase";
			"buildActionMask" = "2147483647";
			"files" = (
				"C240964BF9902D3CE4E81B4A",
				"14B73FC62CA66DD9391A5CFD",
				"BE0C58D275BDC66A2968D5FF",
				"6080199A839DB666611FB91A",
				"2AE12DA2A071E8CDF9E52335",
				"92997F5AA4665FBC12B369F3",
				"09D1193067984D70061B1E24",
				"8C55C2394838EA07945B44B7",
				"8429BAF990C065CC74868FCE",
				"0AE51DE36D0528E5B91295DA",
				"0F6A8D8D817FBD65DE152644",
				"7D5219C644EB8650B931C09B",
				"93D460DC137AAF64EA92D302",
				"DA6AE96615192104B74B1AB3",
				"0A69836E8432BB87EBEEFA73",
				"4B2B802654F7E24644F55063",
				"CE3ED49E3E3C24981675988F",
				"2F33FD2EA4C48F4A99F02E84",
				"C6D78D3146BC616AD71D8597",
			);
			"runOnlyForDeploymentPostprocessing" = "0";
		};
		"F2444DF1086412BD60AF7219" = {
			"isa" = "PBXFrameworksBuildPhase";
			"buildActionMask" = "2147483647";
			"files" = (
				"DCAC48C89F5DA4B174EFA2E7",
			);
			"runOnlyForDeploymentPostprocessing" = "0";
		};
		"79AD834D84FE951918821682" = {
			"isa" = "PBXResourcesBuildPhase";
			"buildActionMask" = "2147483647";
			"files" = (
				"126120711FB37DF289D1F4F6",
				"44FA1E696223DAB55329F330",
				"38D3E06A2C2199E65C1E1539",
			);
			"runOnlyForDeploymentPostprocessing" = "0";
		};
		"1F6101B99DCFB6221CCBB538" = {
			"isa" = "PBXBuildFile";
			"fileRef" = "DADF20EC4D82887E7AAD87AF";
			"settings" = {
				"ATTRIBUTES" = (
					"RemoveHeadersOnCopy",
				);
			};
		};
		"369C8252B007961673CCD1FF" = {
			"isa" = "PBXCopyFilesBuildPhase";
			"buildActionMask" = "2147483647";
			"dstPath" = "";
			"dstSubfolderSpec" = "13";
			"files" = (
				"1F6101B99DCFB6221CCBB538",
			);
			"name" = "Embed App Extensions";
			"runOnlyForDeploymentPostprocessing" = "0";
		};
		"FD271C082E2820606A5BFFE2" = {
			"isa" = "XCBuildConfiguration";
			"buildSettings" = {
				"PRODUCT_NAME" = "$(TARGET_NAME)";
				"PRODUCT_BUNDLE_IDENTIFIER" = "com.ignaciopardo.e36obd";
				"CODE_SIGN_STYLE" = "Automatic";
				"SWIFT_VERSION" = "6.0";
				"IPHONEOS_DEPLOYMENT_TARGET" = "18.0";
				"TARGETED_DEVICE_FAMILY" = "1";
				"GENERATE_INFOPLIST_FILE" = "NO";
				"LD_RUNPATH_SEARCH_PATHS" = (
					"$(inherited)",
					"@executable_path/Frameworks",
					"@loader_path/Frameworks",
				);
				"INFOPLIST_FILE" = "E36OBD/Info.plist";
				"CODE_SIGN_ENTITLEMENTS" = "E36OBD/E36OBD.entitlements";
				"ASSETCATALOG_COMPILER_APPICON_NAME" = "AppIcon";
				"ENABLE_PREVIEWS" = "YES";
				"SUPPORTS_MACCATALYST" = "NO";
				"SUPPORTS_MAC_DESIGNED_FOR_IPHONE_IPAD" = "NO";
				"INFOPLIST_KEY_UIApplicationSceneManifest_Generation" = "YES";
			};
			"name" = "Debug";
		};
		"56112971F54BA041DE8889B9" = {
			"isa" = "XCBuildConfiguration";
			"buildSettings" = {
				"PRODUCT_NAME" = "$(TARGET_NAME)";
				"PRODUCT_BUNDLE_IDENTIFIER" = "com.ignaciopardo.e36obd";
				"CODE_SIGN_STYLE" = "Automatic";
				"SWIFT_VERSION" = "6.0";
				"IPHONEOS_DEPLOYMENT_TARGET" = "18.0";
				"TARGETED_DEVICE_FAMILY" = "1";
				"GENERATE_INFOPLIST_FILE" = "NO";
				"LD_RUNPATH_SEARCH_PATHS" = (
					"$(inherited)",
					"@executable_path/Frameworks",
					"@loader_path/Frameworks",
				);
				"INFOPLIST_FILE" = "E36OBD/Info.plist";
				"CODE_SIGN_ENTITLEMENTS" = "E36OBD/E36OBD.entitlements";
				"ASSETCATALOG_COMPILER_APPICON_NAME" = "AppIcon";
				"ENABLE_PREVIEWS" = "YES";
				"SUPPORTS_MACCATALYST" = "NO";
				"SUPPORTS_MAC_DESIGNED_FOR_IPHONE_IPAD" = "NO";
				"INFOPLIST_KEY_UIApplicationSceneManifest_Generation" = "YES";
			};
			"name" = "Release";
		};
		"C4F874803FFD1D167216436A" = {
			"isa" = "XCConfigurationList";
			"buildConfigurations" = (
				"FD271C082E2820606A5BFFE2",
				"56112971F54BA041DE8889B9",
			);
			"defaultConfigurationIsVisible" = "0";
			"defaultConfigurationName" = "Release";
		};
		"D78E27401F9D7DB127D58CB5" = {
			"isa" = "PBXContainerItemProxy";
			"containerPortal" = "98F54143AB4E86B28C3AFEE0";
			"proxyType" = "1";
			"remoteGlobalIDString" = "69B582C17E390B9E4CE14726";
			"remoteInfo" = "E36OBDWidgets";
		};
		"C5FBC3AE799F47DF7530EE14" = {
			"isa" = "PBXTargetDependency";
			"target" = "69B582C17E390B9E4CE14726";
			"targetProxy" = "D78E27401F9D7DB127D58CB5";
		};
		"4B174F23AFA9AA4C0916B453" = {
			"isa" = "PBXNativeTarget";
			"buildConfigurationList" = "C4F874803FFD1D167216436A";
			"buildPhases" = (
				"D2F5D04A2196BD52F2AAF158",
				"F2444DF1086412BD60AF7219",
				"79AD834D84FE951918821682",
				"369C8252B007961673CCD1FF",
			);
			"buildRules" = (
			);
			"dependencies" = (
				"C5FBC3AE799F47DF7530EE14",
			);
			"name" = "E36OBD";
			"packageProductDependencies" = (
				"3D9893F8109EE7357ACB234F",
			);
			"productName" = "E36OBD";
			"productReference" = "1B2F9EB89FB84E8839DE76DC";
			"productType" = "com.apple.product-type.application";
		};
		"D1790B1A36FD3420418C371F" = {
			"isa" = "PBXFileReference";
			"lastKnownFileType" = "sourcecode.swift";
			"path" = "E36InstrumentWidget.swift";
			"sourceTree" = "<group>";
		};
		"E8AECD1D8FB7C2EB206643E8" = {
			"isa" = "PBXBuildFile";
			"fileRef" = "D1790B1A36FD3420418C371F";
		};
		"3C45821788CD6D92C65BD5FA" = {
			"isa" = "PBXFileReference";
			"lastKnownFileType" = "sourcecode.swift";
			"path" = "WidgetConfiguration.swift";
			"sourceTree" = "<group>";
		};
		"E4846FCCA6CD6E9DD18EED4F" = {
			"isa" = "PBXBuildFile";
			"fileRef" = "3C45821788CD6D92C65BD5FA";
		};
		"6E435083B11A052ED2C68316" = {
			"isa" = "PBXBuildFile";
			"fileRef" = "DA1C1DD2947E016C0BBC7853";
		};
		"1C7C6F9DA2FB8FC23D56B774" = {
			"isa" = "PBXBuildFile";
			"fileRef" = "3F162A4826E680FB5C5BFEA5";
		};
		"92AC94569B25CCF7E49F0B6B" = {
			"isa" = "PBXFileReference";
			"lastKnownFileType" = "text.plist.entitlements";
			"path" = "E36OBDWidgets.entitlements";
			"sourceTree" = "<group>";
		};
		"1DE5000BF5F53C60A9A01EF0" = {
			"isa" = "PBXFileReference";
			"lastKnownFileType" = "text.plist.xml";
			"path" = "Info.plist";
			"sourceTree" = "<group>";
		};
		"40441BEF46BCE73E9FB01150" = {
			"isa" = "XCSwiftPackageProductDependency";
			"package" = "B747EAD6A8D7189EE159E1E4";
			"productName" = "E36Core";
		};
		"388A4449D6D6AFD05B82384A" = {
			"isa" = "PBXBuildFile";
			"productRef" = "40441BEF46BCE73E9FB01150";
		};
		"1A9DC2C608D27943F6E5BC34" = {
			"isa" = "PBXGroup";
			"children" = (
				"D1790B1A36FD3420418C371F",
				"3C45821788CD6D92C65BD5FA",
				"92AC94569B25CCF7E49F0B6B",
				"1DE5000BF5F53C60A9A01EF0",
			);
			"path" = "E36OBDWidgets";
			"sourceTree" = "<group>";
		};
		"DADF20EC4D82887E7AAD87AF" = {
			"isa" = "PBXFileReference";
			"explicitFileType" = "wrapper.app-extension";
			"includeInIndex" = "0";
			"path" = "E36OBDWidgets.appex";
			"sourceTree" = "BUILT_PRODUCTS_DIR";
		};
		"98C2282C44F88B73EF49D64F" = {
			"isa" = "PBXSourcesBuildPhase";
			"buildActionMask" = "2147483647";
			"files" = (
				"E8AECD1D8FB7C2EB206643E8",
				"E4846FCCA6CD6E9DD18EED4F",
				"6E435083B11A052ED2C68316",
				"1C7C6F9DA2FB8FC23D56B774",
			);
			"runOnlyForDeploymentPostprocessing" = "0";
		};
		"DE0915423F2A3B9B9AF3ED39" = {
			"isa" = "PBXFrameworksBuildPhase";
			"buildActionMask" = "2147483647";
			"files" = (
				"388A4449D6D6AFD05B82384A",
			);
			"runOnlyForDeploymentPostprocessing" = "0";
		};
		"50ED73DB189354B666670F70" = {
			"isa" = "PBXResourcesBuildPhase";
			"buildActionMask" = "2147483647";
			"files" = (
			);
			"runOnlyForDeploymentPostprocessing" = "0";
		};
		"A36AD939930A79DE0BB2BC85" = {
			"isa" = "XCBuildConfiguration";
			"buildSettings" = {
				"PRODUCT_NAME" = "$(TARGET_NAME)";
				"PRODUCT_BUNDLE_IDENTIFIER" = "com.ignaciopardo.e36obd.widgets";
				"CODE_SIGN_STYLE" = "Automatic";
				"SWIFT_VERSION" = "6.0";
				"IPHONEOS_DEPLOYMENT_TARGET" = "18.0";
				"TARGETED_DEVICE_FAMILY" = "1";
				"GENERATE_INFOPLIST_FILE" = "NO";
				"LD_RUNPATH_SEARCH_PATHS" = (
					"$(inherited)",
					"@executable_path/Frameworks",
					"@executable_path/../../Frameworks",
				);
				"INFOPLIST_FILE" = "E36OBDWidgets/Info.plist";
				"CODE_SIGN_ENTITLEMENTS" = "E36OBDWidgets/E36OBDWidgets.entitlements";
				"APPLICATION_EXTENSION_API_ONLY" = "YES";
				"SKIP_INSTALL" = "YES";
				"ENABLE_PREVIEWS" = "YES";
			};
			"name" = "Debug";
		};
		"CC15DF77736821DC4F429710" = {
			"isa" = "XCBuildConfiguration";
			"buildSettings" = {
				"PRODUCT_NAME" = "$(TARGET_NAME)";
				"PRODUCT_BUNDLE_IDENTIFIER" = "com.ignaciopardo.e36obd.widgets";
				"CODE_SIGN_STYLE" = "Automatic";
				"SWIFT_VERSION" = "6.0";
				"IPHONEOS_DEPLOYMENT_TARGET" = "18.0";
				"TARGETED_DEVICE_FAMILY" = "1";
				"GENERATE_INFOPLIST_FILE" = "NO";
				"LD_RUNPATH_SEARCH_PATHS" = (
					"$(inherited)",
					"@executable_path/Frameworks",
					"@executable_path/../../Frameworks",
				);
				"INFOPLIST_FILE" = "E36OBDWidgets/Info.plist";
				"CODE_SIGN_ENTITLEMENTS" = "E36OBDWidgets/E36OBDWidgets.entitlements";
				"APPLICATION_EXTENSION_API_ONLY" = "YES";
				"SKIP_INSTALL" = "YES";
				"ENABLE_PREVIEWS" = "YES";
			};
			"name" = "Release";
		};
		"67F276660AA1DFF267397A99" = {
			"isa" = "XCConfigurationList";
			"buildConfigurations" = (
				"A36AD939930A79DE0BB2BC85",
				"CC15DF77736821DC4F429710",
			);
			"defaultConfigurationIsVisible" = "0";
			"defaultConfigurationName" = "Release";
		};
		"69B582C17E390B9E4CE14726" = {
			"isa" = "PBXNativeTarget";
			"buildConfigurationList" = "67F276660AA1DFF267397A99";
			"buildPhases" = (
				"98C2282C44F88B73EF49D64F",
				"DE0915423F2A3B9B9AF3ED39",
				"50ED73DB189354B666670F70",
			);
			"buildRules" = (
			);
			"dependencies" = (
			);
			"name" = "E36OBDWidgets";
			"packageProductDependencies" = (
				"40441BEF46BCE73E9FB01150",
			);
			"productName" = "E36OBDWidgets";
			"productReference" = "DADF20EC4D82887E7AAD87AF";
			"productType" = "com.apple.product-type.app-extension";
		};
		"3075077D858CD9379054B2C5" = {
			"isa" = "PBXFileReference";
			"lastKnownFileType" = "sourcecode.swift";
			"path" = "AppContractTests.swift";
			"sourceTree" = "<group>";
		};
		"593E865BFF0680761578D747" = {
			"isa" = "PBXBuildFile";
			"fileRef" = "3075077D858CD9379054B2C5";
		};
		"BED9A13232AACAF4C6CEAFF0" = {
			"isa" = "PBXFileReference";
			"lastKnownFileType" = "sourcecode.swift";
			"path" = "WidgetContractTests.swift";
			"sourceTree" = "<group>";
		};
		"04DFEC3981F2D3562ABE6B19" = {
			"isa" = "PBXBuildFile";
			"fileRef" = "BED9A13232AACAF4C6CEAFF0";
		};
		"1C14CC6643CF6957886F7DBF" = {
			"isa" = "XCSwiftPackageProductDependency";
			"package" = "B747EAD6A8D7189EE159E1E4";
			"productName" = "E36Core";
		};
		"8467974CAC5C29D443901AC0" = {
			"isa" = "PBXBuildFile";
			"productRef" = "1C14CC6643CF6957886F7DBF";
		};
		"BA87AD41386678A655731552" = {
			"isa" = "PBXGroup";
			"children" = (
				"3075077D858CD9379054B2C5",
				"BED9A13232AACAF4C6CEAFF0",
			);
			"path" = "E36OBDTests";
			"sourceTree" = "<group>";
		};
		"82F18604FC7BFEFEA8918844" = {
			"isa" = "PBXFileReference";
			"explicitFileType" = "wrapper.cfbundle";
			"includeInIndex" = "0";
			"path" = "E36OBDTests.xctest";
			"sourceTree" = "BUILT_PRODUCTS_DIR";
		};
		"FED5166C0B1193817A049455" = {
			"isa" = "PBXSourcesBuildPhase";
			"buildActionMask" = "2147483647";
			"files" = (
				"593E865BFF0680761578D747",
				"04DFEC3981F2D3562ABE6B19",
			);
			"runOnlyForDeploymentPostprocessing" = "0";
		};
		"0E10F526B93772D7A73FF276" = {
			"isa" = "PBXFrameworksBuildPhase";
			"buildActionMask" = "2147483647";
			"files" = (
				"8467974CAC5C29D443901AC0",
			);
			"runOnlyForDeploymentPostprocessing" = "0";
		};
		"F74D48EBAD85B3A2AC9DD505" = {
			"isa" = "PBXResourcesBuildPhase";
			"buildActionMask" = "2147483647";
			"files" = (
			);
			"runOnlyForDeploymentPostprocessing" = "0";
		};
		"68281A137064B7E900C3F2DE" = {
			"isa" = "XCBuildConfiguration";
			"buildSettings" = {
				"PRODUCT_NAME" = "$(TARGET_NAME)";
				"PRODUCT_BUNDLE_IDENTIFIER" = "com.ignaciopardo.e36obdtests";
				"CODE_SIGN_STYLE" = "Automatic";
				"SWIFT_VERSION" = "6.0";
				"IPHONEOS_DEPLOYMENT_TARGET" = "18.0";
				"TARGETED_DEVICE_FAMILY" = "1";
				"GENERATE_INFOPLIST_FILE" = "YES";
				"LD_RUNPATH_SEARCH_PATHS" = (
					"$(inherited)",
					"@executable_path/Frameworks",
					"@loader_path/Frameworks",
				);
				"TEST_HOST" = "$(BUILT_PRODUCTS_DIR)/E36OBD.app/E36OBD";
				"BUNDLE_LOADER" = "$(TEST_HOST)";
			};
			"name" = "Debug";
		};
		"6D725E30C112ECADF1014DFD" = {
			"isa" = "XCBuildConfiguration";
			"buildSettings" = {
				"PRODUCT_NAME" = "$(TARGET_NAME)";
				"PRODUCT_BUNDLE_IDENTIFIER" = "com.ignaciopardo.e36obdtests";
				"CODE_SIGN_STYLE" = "Automatic";
				"SWIFT_VERSION" = "6.0";
				"IPHONEOS_DEPLOYMENT_TARGET" = "18.0";
				"TARGETED_DEVICE_FAMILY" = "1";
				"GENERATE_INFOPLIST_FILE" = "YES";
				"LD_RUNPATH_SEARCH_PATHS" = (
					"$(inherited)",
					"@executable_path/Frameworks",
					"@loader_path/Frameworks",
				);
				"TEST_HOST" = "$(BUILT_PRODUCTS_DIR)/E36OBD.app/E36OBD";
				"BUNDLE_LOADER" = "$(TEST_HOST)";
			};
			"name" = "Release";
		};
		"FB63898706F6783C79D40F23" = {
			"isa" = "XCConfigurationList";
			"buildConfigurations" = (
				"68281A137064B7E900C3F2DE",
				"6D725E30C112ECADF1014DFD",
			);
			"defaultConfigurationIsVisible" = "0";
			"defaultConfigurationName" = "Release";
		};
		"62385B65FDA3FF9759D019C1" = {
			"isa" = "PBXContainerItemProxy";
			"containerPortal" = "98F54143AB4E86B28C3AFEE0";
			"proxyType" = "1";
			"remoteGlobalIDString" = "4B174F23AFA9AA4C0916B453";
			"remoteInfo" = "E36OBD";
		};
		"F04820246DD6B593CC3A22BF" = {
			"isa" = "PBXTargetDependency";
			"target" = "4B174F23AFA9AA4C0916B453";
			"targetProxy" = "62385B65FDA3FF9759D019C1";
		};
		"071F5F3C1BD58A3813F97194" = {
			"isa" = "PBXNativeTarget";
			"buildConfigurationList" = "FB63898706F6783C79D40F23";
			"buildPhases" = (
				"FED5166C0B1193817A049455",
				"0E10F526B93772D7A73FF276",
				"F74D48EBAD85B3A2AC9DD505",
			);
			"buildRules" = (
			);
			"dependencies" = (
				"F04820246DD6B593CC3A22BF",
			);
			"name" = "E36OBDTests";
			"packageProductDependencies" = (
				"1C14CC6643CF6957886F7DBF",
			);
			"productName" = "E36OBDTests";
			"productReference" = "82F18604FC7BFEFEA8918844";
			"productType" = "com.apple.product-type.bundle.unit-test";
		};
		"84B894E2FC664DCABC579E33" = {
			"isa" = "PBXFileReference";
			"lastKnownFileType" = "sourcecode.swift";
			"path" = "DashboardTests.swift";
			"sourceTree" = "<group>";
		};
		"1675C92C1456D9216F9CD437" = {
			"isa" = "PBXBuildFile";
			"fileRef" = "84B894E2FC664DCABC579E33";
		};
		"B630CEF72E1DAB19B3CED0FD" = {
			"isa" = "PBXGroup";
			"children" = (
				"84B894E2FC664DCABC579E33",
			);
			"path" = "E36OBDUITests";
			"sourceTree" = "<group>";
		};
		"9E96051C17286081577F6E63" = {
			"isa" = "PBXFileReference";
			"explicitFileType" = "wrapper.cfbundle";
			"includeInIndex" = "0";
			"path" = "E36OBDUITests.xctest";
			"sourceTree" = "BUILT_PRODUCTS_DIR";
		};
		"1F2C11579716B1B5856D7E55" = {
			"isa" = "PBXSourcesBuildPhase";
			"buildActionMask" = "2147483647";
			"files" = (
				"1675C92C1456D9216F9CD437",
			);
			"runOnlyForDeploymentPostprocessing" = "0";
		};
		"48FFA12F7F01B20E171618E6" = {
			"isa" = "PBXFrameworksBuildPhase";
			"buildActionMask" = "2147483647";
			"files" = (
			);
			"runOnlyForDeploymentPostprocessing" = "0";
		};
		"9AE82128BBA81F8774350158" = {
			"isa" = "PBXResourcesBuildPhase";
			"buildActionMask" = "2147483647";
			"files" = (
			);
			"runOnlyForDeploymentPostprocessing" = "0";
		};
		"F029BCCF175DA92237C297C6" = {
			"isa" = "XCBuildConfiguration";
			"buildSettings" = {
				"PRODUCT_NAME" = "$(TARGET_NAME)";
				"PRODUCT_BUNDLE_IDENTIFIER" = "com.ignaciopardo.e36obduitests";
				"CODE_SIGN_STYLE" = "Automatic";
				"SWIFT_VERSION" = "6.0";
				"IPHONEOS_DEPLOYMENT_TARGET" = "18.0";
				"TARGETED_DEVICE_FAMILY" = "1";
				"GENERATE_INFOPLIST_FILE" = "YES";
				"LD_RUNPATH_SEARCH_PATHS" = (
					"$(inherited)",
					"@executable_path/Frameworks",
					"@loader_path/Frameworks",
				);
				"TEST_TARGET_NAME" = "E36OBD";
			};
			"name" = "Debug";
		};
		"E632A86C439EEF9605094639" = {
			"isa" = "XCBuildConfiguration";
			"buildSettings" = {
				"PRODUCT_NAME" = "$(TARGET_NAME)";
				"PRODUCT_BUNDLE_IDENTIFIER" = "com.ignaciopardo.e36obduitests";
				"CODE_SIGN_STYLE" = "Automatic";
				"SWIFT_VERSION" = "6.0";
				"IPHONEOS_DEPLOYMENT_TARGET" = "18.0";
				"TARGETED_DEVICE_FAMILY" = "1";
				"GENERATE_INFOPLIST_FILE" = "YES";
				"LD_RUNPATH_SEARCH_PATHS" = (
					"$(inherited)",
					"@executable_path/Frameworks",
					"@loader_path/Frameworks",
				);
				"TEST_TARGET_NAME" = "E36OBD";
			};
			"name" = "Release";
		};
		"F3FE83794BC0BDE4835E7240" = {
			"isa" = "XCConfigurationList";
			"buildConfigurations" = (
				"F029BCCF175DA92237C297C6",
				"E632A86C439EEF9605094639",
			);
			"defaultConfigurationIsVisible" = "0";
			"defaultConfigurationName" = "Release";
		};
		"73E09613E25D2C80CC10EF63" = {
			"isa" = "PBXContainerItemProxy";
			"containerPortal" = "98F54143AB4E86B28C3AFEE0";
			"proxyType" = "1";
			"remoteGlobalIDString" = "4B174F23AFA9AA4C0916B453";
			"remoteInfo" = "E36OBD";
		};
		"3731E54EB2DFCE0CBEA2FCE9" = {
			"isa" = "PBXTargetDependency";
			"target" = "4B174F23AFA9AA4C0916B453";
			"targetProxy" = "73E09613E25D2C80CC10EF63";
		};
		"981D9A3941E6D9A55E0ADF06" = {
			"isa" = "PBXNativeTarget";
			"buildConfigurationList" = "F3FE83794BC0BDE4835E7240";
			"buildPhases" = (
				"1F2C11579716B1B5856D7E55",
				"48FFA12F7F01B20E171618E6",
				"9AE82128BBA81F8774350158",
			);
			"buildRules" = (
			);
			"dependencies" = (
				"3731E54EB2DFCE0CBEA2FCE9",
			);
			"name" = "E36OBDUITests";
			"packageProductDependencies" = (
			);
			"productName" = "E36OBDUITests";
			"productReference" = "9E96051C17286081577F6E63";
			"productType" = "com.apple.product-type.bundle.ui-testing";
		};
		"B76D6BB2405CBB9EE4565D4A" = {
			"isa" = "PBXGroup";
			"children" = (
				"DA1C1DD2947E016C0BBC7853",
				"3F162A4826E680FB5C5BFEA5",
			);
			"path" = "WidgetShared";
			"sourceTree" = "<group>";
		};
		"615B463D1028E4E24B674CF7" = {
			"isa" = "PBXGroup";
			"children" = (
				"1B2F9EB89FB84E8839DE76DC",
				"DADF20EC4D82887E7AAD87AF",
				"82F18604FC7BFEFEA8918844",
				"9E96051C17286081577F6E63",
			);
			"name" = "Products";
			"sourceTree" = "<group>";
		};
		"870B3294C0CBD48AF6BBCC1B" = {
			"isa" = "PBXGroup";
			"children" = (
				"CEEC93DB33F4A6C2BAE6F412",
				"1A9DC2C608D27943F6E5BC34",
				"BA87AD41386678A655731552",
				"B630CEF72E1DAB19B3CED0FD",
				"B76D6BB2405CBB9EE4565D4A",
				"615B463D1028E4E24B674CF7",
			);
			"sourceTree" = "<group>";
		};
		"AB52CB08E0FDF02BF6C67C33" = {
			"isa" = "XCBuildConfiguration";
			"buildSettings" = {
				"SDKROOT" = "iphoneos";
				"CLANG_ENABLE_MODULES" = "YES";
				"CLANG_ENABLE_OBJC_ARC" = "YES";
				"SWIFT_STRICT_CONCURRENCY" = "complete";
				"ENABLE_USER_SCRIPT_SANDBOXING" = "YES";
				"SWIFT_OPTIMIZATION_LEVEL" = "-Onone";
				"DEBUG_INFORMATION_FORMAT" = "dwarf";
				"SWIFT_ACTIVE_COMPILATION_CONDITIONS" = "DEBUG";
				"ENABLE_TESTABILITY" = "YES";
				"GCC_PREPROCESSOR_DEFINITIONS" = (
					"DEBUG=1",
					"$(inherited)",
				);
			};
			"name" = "Debug";
		};
		"5283471FF90C511CFE244FFF" = {
			"isa" = "XCBuildConfiguration";
			"buildSettings" = {
				"SDKROOT" = "iphoneos";
				"CLANG_ENABLE_MODULES" = "YES";
				"CLANG_ENABLE_OBJC_ARC" = "YES";
				"SWIFT_STRICT_CONCURRENCY" = "complete";
				"ENABLE_USER_SCRIPT_SANDBOXING" = "YES";
				"SWIFT_OPTIMIZATION_LEVEL" = "-O";
				"DEBUG_INFORMATION_FORMAT" = "dwarf-with-dsym";
				"SWIFT_ACTIVE_COMPILATION_CONDITIONS" = "";
				"ENABLE_TESTABILITY" = "NO";
				"GCC_PREPROCESSOR_DEFINITIONS" = (
					"$(inherited)",
				);
			};
			"name" = "Release";
		};
		"4BA304E783CFBB9FA6E56552" = {
			"isa" = "XCConfigurationList";
			"buildConfigurations" = (
				"AB52CB08E0FDF02BF6C67C33",
				"5283471FF90C511CFE244FFF",
			);
			"defaultConfigurationIsVisible" = "0";
			"defaultConfigurationName" = "Release";
		};
		"98F54143AB4E86B28C3AFEE0" = {
			"isa" = "PBXProject";
			"attributes" = {
				"BuildIndependentTargetsInParallel" = "YES";
				"LastUpgradeCheck" = "2620";
				"TargetAttributes" = {
					"4B174F23AFA9AA4C0916B453" = {
						"CreatedOnToolsVersion" = "26.2";
						"SystemCapabilities" = {
							"com.apple.ApplicationGroups.iOS" = {
								"enabled" = "1";
							};
						};
					};
					"69B582C17E390B9E4CE14726" = {
						"CreatedOnToolsVersion" = "26.2";
						"SystemCapabilities" = {
							"com.apple.ApplicationGroups.iOS" = {
								"enabled" = "1";
							};
						};
					};
				};
			};
			"buildConfigurationList" = "4BA304E783CFBB9FA6E56552";
			"compatibilityVersion" = "Xcode 14.0";
			"developmentRegion" = "es";
			"hasScannedForEncodings" = "0";
			"knownRegions" = (
				"es",
				"en",
				"Base",
			);
			"mainGroup" = "870B3294C0CBD48AF6BBCC1B";
			"packageReferences" = (
				"B747EAD6A8D7189EE159E1E4",
			);
			"productRefGroup" = "615B463D1028E4E24B674CF7";
			"projectDirPath" = "";
			"projectRoot" = "";
			"targets" = (
				"4B174F23AFA9AA4C0916B453",
				"69B582C17E390B9E4CE14726",
				"071F5F3C1BD58A3813F97194",
				"981D9A3941E6D9A55E0ADF06",
			);
		};
	};
	"rootObject" = "98F54143AB4E86B28C3AFEE0";
}
